// !$*UTF8*$!
{
	archiveVersion = 1;
	classes = {
	};
	objectVersion = 48;
	objects = {

/* Begin PBXBuildFile section */
		10191D3D4189179F25B4A148 /* Pods_PotNotesTests.framework in Frameworks */ = {isa = PBXBuildFile; fileRef = A19F9F4E00D937A7C6CABF67 /* Pods_PotNotesTests.framework */; };
		66E5EEB62014D8CA0039AFAE /* AppDelegate.swift in Sources */ = {isa = PBXBuildFile; fileRef = 66E5EEB52014D8CA0039AFAE /* AppDelegate.swift */; };
		66E5EEBF2014D8CA0039AFAE /* Main.storyboard in Resources */ = {isa = PBXBuildFile; fileRef = 66E5EEBD2014D8CA0039AFAE /* Main.storyboard */; };
		66E5EEC12014D8CA0039AFAE /* Assets.xcassets in Resources */ = {isa = PBXBuildFile; fileRef = 66E5EEC02014D8CA0039AFAE /* Assets.xcassets */; };
		66E5EEC42014D8CA0039AFAE /* LaunchScreen.storyboard in Resources */ = {isa = PBXBuildFile; fileRef = 66E5EEC22014D8CA0039AFAE /* LaunchScreen.storyboard */; };
		66E5EECF2014D8CA0039AFAE /* PotNotesTests.swift in Sources */ = {isa = PBXBuildFile; fileRef = 66E5EECE2014D8CA0039AFAE /* PotNotesTests.swift */; };
		66E5EEDA2014DA4A0039AFAE /* ItemListViewController.swift in Sources */ = {isa = PBXBuildFile; fileRef = 66E5EED92014DA4A0039AFAE /* ItemListViewController.swift */; };
		66E5EEDC2014E17F0039AFAE /* PotteryItem.swift in Sources */ = {isa = PBXBuildFile; fileRef = 66E5EEDB2014E17F0039AFAE /* PotteryItem.swift */; };
		66E5EEDE2014E2D90039AFAE /* EditItemViewController.swift in Sources */ = {isa = PBXBuildFile; fileRef = 66E5EEDD2014E2D90039AFAE /* EditItemViewController.swift */; };
		66E5EEE2201508000039AFAE /* PotteryItemRealm.swift in Sources */ = {isa = PBXBuildFile; fileRef = 66E5EEE1201508000039AFAE /* PotteryItemRealm.swift */; };
		BA551830602AE8E8D49CFCD2 /* Pods_PotNotes.framework in Frameworks */ = {isa = PBXBuildFile; fileRef = CDD1EEBFE7CDDBD0961EBB51 /* Pods_PotNotes.framework */; };
/* End PBXBuildFile section */

/* Begin PBXContainerItemProxy section */
		66E5EECB2014D8CA0039AFAE /* PBXContainerItemProxy */ = {
			isa = PBXContainerItemProxy;
			containerPortal = 66E5EEAA2014D8CA0039AFAE /* Project object */;
			proxyType = 1;
			remoteGlobalIDString = 66E5EEB12014D8CA0039AFAE;
			remoteInfo = PotNotes;
		};
/* End PBXContainerItemProxy section */

/* Begin PBXFileReference section */
		27DBF0E55B543A0C59EC1C7A /* Pods-PotNotes.release.xcconfig */ = {isa = PBXFileReference; includeInIndex = 1; lastKnownFileType = text.xcconfig; name = "Pods-PotNotes.release.xcconfig"; path = "Pods/Target Support Files/Pods-PotNotes/Pods-PotNotes.release.xcconfig"; sourceTree = "<group>"; };
		37A7CA13C4BB0DA72608EF46 /* Pods-PotNotesTests.debug.xcconfig */ = {isa = PBXFileReference; includeInIndex = 1; lastKnownFileType = text.xcconfig; name = "Pods-PotNotesTests.debug.xcconfig"; path = "Pods/Target Support Files/Pods-PotNotesTests/Pods-PotNotesTests.debug.xcconfig"; sourceTree = "<group>"; };
		66E5EEB22014D8CA0039AFAE /* PotNotes.app */ = {isa = PBXFileReference; explicitFileType = wrapper.application; includeInIndex = 0; path = PotNotes.app; sourceTree = BUILT_PRODUCTS_DIR; };
		66E5EEB52014D8CA0039AFAE /* AppDelegate.swift */ = {isa = PBXFileReference; lastKnownFileType = sourcecode.swift; path = AppDelegate.swift; sourceTree = "<group>"; };
		66E5EEBE2014D8CA0039AFAE /* Base */ = {isa = PBXFileReference; lastKnownFileType = file.storyboard; name = Base; path = Base.lproj/Main.storyboard; sourceTree = "<group>"; };
		66E5EEC02014D8CA0039AFAE /* Assets.xcassets */ = {isa = PBXFileReference; lastKnownFileType = folder.assetcatalog; path = Assets.xcassets; sourceTree = "<group>"; };
		66E5EEC32014D8CA0039AFAE /* Base */ = {isa = PBXFileReference; lastKnownFileType = file.storyboard; name = Base; path = Base.lproj/LaunchScreen.storyboard; sourceTree = "<group>"; };
		66E5EEC52014D8CA0039AFAE /* Info.plist */ = {isa = PBXFileReference; lastKnownFileType = text.plist.xml; path = Info.plist; sourceTree = "<group>"; };
		66E5EECA2014D8CA0039AFAE /* PotNotesTests.xctest */ = {isa = PBXFileReference; explicitFileType = wrapper.cfbundle; includeInIndex = 0; path = PotNotesTests.xctest; sourceTree = BUILT_PRODUCTS_DIR; };
		66E5EECE2014D8CA0039AFAE /* PotNotesTests.swift */ = {isa = PBXFileReference; lastKnownFileType = sourcecode.swift; path = PotNotesTests.swift; sourceTree = "<group>"; };
		66E5EED02014D8CA0039AFAE /* Info.plist */ = {isa = PBXFileReference; lastKnownFileType = text.plist.xml; path = Info.plist; sourceTree = "<group>"; };
		66E5EED92014DA4A0039AFAE /* ItemListViewController.swift */ = {isa = PBXFileReference; lastKnownFileType = sourcecode.swift; path = ItemListViewController.swift; sourceTree = "<group>"; };
		66E5EEDB2014E17F0039AFAE /* PotteryItem.swift */ = {isa = PBXFileReference; lastKnownFileType = sourcecode.swift; path = PotteryItem.swift; sourceTree = "<group>"; };
		66E5EEDD2014E2D90039AFAE /* EditItemViewController.swift */ = {isa = PBXFileReference; lastKnownFileType = sourcecode.swift; path = EditItemViewController.swift; sourceTree = "<group>"; };
		66E5EEE1201508000039AFAE /* PotteryItemRealm.swift */ = {isa = PBXFileReference; lastKnownFileType = sourcecode.swift; path = PotteryItemRealm.swift; sourceTree = "<group>"; };
		97DDA796B84DF1DB38F62DC8 /* Pods-PotNotes.debug.xcconfig */ = {isa = PBXFileReference; includeInIndex = 1; lastKnownFileType = text.xcconfig; name = "Pods-PotNotes.debug.xcconfig"; path = "Pods/Target Support Files/Pods-PotNotes/Pods-PotNotes.debug.xcconfig"; sourceTree = "<group>"; };
		A19F9F4E00D937A7C6CABF67 /* Pods_PotNotesTests.framework */ = {isa = PBXFileReference; explicitFileType = wrapper.framework; includeInIndex = 0; path = Pods_PotNotesTests.framework; sourceTree = BUILT_PRODUCTS_DIR; };
		CDD1EEBFE7CDDBD0961EBB51 /* Pods_PotNotes.framework */ = {isa = PBXFileReference; explicitFileType = wrapper.framework; includeInIndex = 0; path = Pods_PotNotes.framework; sourceTree = BUILT_PRODUCTS_DIR; };
		EB9F7F322A90ABEDEA19F369 /* Pods-PotNotesTests.release.xcconfig */ = {isa = PBXFileReference; includeInIndex = 1; lastKnownFileType = text.xcconfig; name = "Pods-PotNotesTests.release.xcconfig"; path = "Pods/Target Support Files/Pods-PotNotesTests/Pods-PotNotesTests.release.xcconfig"; sourceTree = "<group>"; };
/* End PBXFileReference section */

/* Begin PBXFrameworksBuildPhase section */
		66E5EEAF2014D8CA0039AFAE /* Frameworks */ = {
			isa = PBXFrameworksBuildPhase;
			buildActionMask = 2147483647;
			files = (
				BA551830602AE8E8D49CFCD2 /* Pods_PotNotes.framework in Frameworks */,
			);
			runOnlyForDeploymentPostprocessing = 0;
		};
		66E5EEC72014D8CA0039AFAE /* Frameworks */ = {
			isa = PBXFrameworksBuildPhase;
			buildActionMask = 2147483647;
			files = (
				10191D3D4189179F25B4A148 /* Pods_PotNotesTests.framework in Frameworks */,
			);
			runOnlyForDeploymentPostprocessing = 0;
		};
/* End PBXFrameworksBuildPhase section */

/* Begin PBXGroup section */
		0BDD93E889645A6481F1F6A1 /* Pods */ = {
			isa = PBXGroup;
			children = (
				97DDA796B84DF1DB38F62DC8 /* Pods-PotNotes.debug.xcconfig */,
				27DBF0E55B543A0C59EC1C7A /* Pods-PotNotes.release.xcconfig */,
				37A7CA13C4BB0DA72608EF46 /* Pods-PotNotesTests.debug.xcconfig */,
				EB9F7F322A90ABEDEA19F369 /* Pods-PotNotesTests.release.xcconfig */,
			);
			name = Pods;
			sourceTree = "<group>";
		};
		66E5EEA92014D8CA0039AFAE = {
			isa = PBXGroup;
			children = (
				66E5EEB42014D8CA0039AFAE /* PotNotes */,
				66E5EECD2014D8CA0039AFAE /* PotNotesTests */,
				66E5EEB32014D8CA0039AFAE /* Products */,
				0BDD93E889645A6481F1F6A1 /* Pods */,
				A2490719A449E813142D19A3 /* Frameworks */,
			);
			sourceTree = "<group>";
		};
		66E5EEB32014D8CA0039AFAE /* Products */ = {
			isa = PBXGroup;
			children = (
				66E5EEB22014D8CA0039AFAE /* PotNotes.app */,
				66E5EECA2014D8CA0039AFAE /* PotNotesTests.xctest */,
			);
			name = Products;
			sourceTree = "<group>";
		};
		66E5EEB42014D8CA0039AFAE /* PotNotes */ = {
			isa = PBXGroup;
			children = (
				66E5EEB52014D8CA0039AFAE /* AppDelegate.swift */,
				66E5EED92014DA4A0039AFAE /* ItemListViewController.swift */,
				66E5EEDD2014E2D90039AFAE /* EditItemViewController.swift */,
				66E5EEBD2014D8CA0039AFAE /* Main.storyboard */,
				66E5EEC02014D8CA0039AFAE /* Assets.xcassets */,
				66E5EEC22014D8CA0039AFAE /* LaunchScreen.storyboard */,
				66E5EEC52014D8CA0039AFAE /* Info.plist */,
				66E5EEE42015080E0039AFAE /* Model */,
				66E5EEE3201508070039AFAE /* Persistence */,
			);
			path = PotNotes;
			sourceTree = "<group>";
		};
		66E5EECD2014D8CA0039AFAE /* PotNotesTests */ = {
			isa = PBXGroup;
			children = (
				66E5EECE2014D8CA0039AFAE /* PotNotesTests.swift */,
				66E5EED02014D8CA0039AFAE /* Info.plist */,
			);
			path = PotNotesTests;
			sourceTree = "<group>";
		};
		66E5EEE3201508070039AFAE /* Persistence */ = {
			isa = PBXGroup;
			children = (
				66E5EEE1201508000039AFAE /* PotteryItemRealm.swift */,
			);
			path = Persistence;
			sourceTree = "<group>";
		};
		66E5EEE42015080E0039AFAE /* Model */ = {
			isa = PBXGroup;
			children = (
				66E5EEDB2014E17F0039AFAE /* PotteryItem.swift */,
			);
			path = Model;
			sourceTree = "<group>";
		};
		A2490719A449E813142D19A3 /* Frameworks */ = {
			isa = PBXGroup;
			children = (
				CDD1EEBFE7CDDBD0961EBB51 /* Pods_PotNotes.framework */,
				A19F9F4E00D937A7C6CABF67 /* Pods_PotNotesTests.framework */,
			);
			name = Frameworks;
			sourceTree = "<group>";
		};
/* End PBXGroup section */

/* Begin PBXNativeTarget section */
		66E5EEB12014D8CA0039AFAE /* PotNotes */ = {
			isa = PBXNativeTarget;
			buildConfigurationList = 66E5EED32014D8CA0039AFAE /* Build configuration list for PBXNativeTarget "PotNotes" */;
			buildPhases = (
				C64D2969EA20D59F17533981 /* [CP] Check Pods Manifest.lock */,
				66E5EEAE2014D8CA0039AFAE /* Sources */,
				66E5EEAF2014D8CA0039AFAE /* Frameworks */,
				66E5EEB02014D8CA0039AFAE /* Resources */,
				826C58C721F0FE156BB234C4 /* [CP] Embed Pods Frameworks */,
				F880DAB6372F094290F35956 /* [CP] Copy Pods Resources */,
			);
			buildRules = (
			);
			dependencies = (
			);
			name = PotNotes;
			productName = PotNotes;
			productReference = 66E5EEB22014D8CA0039AFAE /* PotNotes.app */;
			productType = "com.apple.product-type.application";
		};
		66E5EEC92014D8CA0039AFAE /* PotNotesTests */ = {
			isa = PBXNativeTarget;
			buildConfigurationList = 66E5EED62014D8CA0039AFAE /* Build configuration list for PBXNativeTarget "PotNotesTests" */;
			buildPhases = (
				FAB8A806A98CF70F4A72D3F6 /* [CP] Check Pods Manifest.lock */,
				66E5EEC62014D8CA0039AFAE /* Sources */,
				66E5EEC72014D8CA0039AFAE /* Frameworks */,
				66E5EEC82014D8CA0039AFAE /* Resources */,
				7BBA80394A82D88CA26A58CC /* [CP] Embed Pods Frameworks */,
				7C2EB31926450A562D02C9C9 /* [CP] Copy Pods Resources */,
			);
			buildRules = (
			);
			dependencies = (
				66E5EECC2014D8CA0039AFAE /* PBXTargetDependency */,
			);
			name = PotNotesTests;
			productName = PotNotesTests;
			productReference = 66E5EECA2014D8CA0039AFAE /* PotNotesTests.xctest */;
			productType = "com.apple.product-type.bundle.unit-test";
		};
/* End PBXNativeTarget section */

/* Begin PBXProject section */
		66E5EEAA2014D8CA0039AFAE /* Project object */ = {
			isa = PBXProject;
			attributes = {
				LastSwiftUpdateCheck = 0910;
				LastUpgradeCheck = 0910;
				ORGANIZATIONNAME = "James Birtwell";
				TargetAttributes = {
					66E5EEB12014D8CA0039AFAE = {
						CreatedOnToolsVersion = 9.1;
						ProvisioningStyle = Automatic;
					};
					66E5EEC92014D8CA0039AFAE = {
						CreatedOnToolsVersion = 9.1;
						ProvisioningStyle = Automatic;
						TestTargetID = 66E5EEB12014D8CA0039AFAE;
					};
				};
			};
			buildConfigurationList = 66E5EEAD2014D8CA0039AFAE /* Build configuration list for PBXProject "PotNotes" */;
			compatibilityVersion = "Xcode 8.0";
			developmentRegion = en;
			hasScannedForEncodings = 0;
			knownRegions = (
				en,
				Base,
			);
			mainGroup = 66E5EEA92014D8CA0039AFAE;
			productRefGroup = 66E5EEB32014D8CA0039AFAE /* Products */;
			projectDirPath = "";
			projectRoot = "";
			targets = (
				66E5EEB12014D8CA0039AFAE /* PotNotes */,
				66E5EEC92014D8CA0039AFAE /* PotNotesTests */,
			);
		};
/* End PBXProject section */

/* Begin PBXResourcesBuildPhase section */
		66E5EEB02014D8CA0039AFAE /* Resources */ = {
			isa = PBXResourcesBuildPhase;
			buildActionMask = 2147483647;
			files = (
				66E5EEC42014D8CA0039AFAE /* LaunchScreen.storyboard in Resources */,
				66E5EEC12014D8CA0039AFAE /* Assets.xcassets in Resources */,
				66E5EEBF2014D8CA0039AFAE /* Main.storyboard in Resources */,
			);
			runOnlyForDeploymentPostprocessing = 0;
		};
		66E5EEC82014D8CA0039AFAE /* Resources */ = {
			isa = PBXResourcesBuildPhase;
			buildActionMask = 2147483647;
			files = (
			);
			runOnlyForDeploymentPostprocessing = 0;
		};
/* End PBXResourcesBuildPhase section */

/* Begin PBXShellScriptBuildPhase section */
		7BBA80394A82D88CA26A58CC /* [CP] Embed Pods Frameworks */ = {
			isa = PBXShellScriptBuildPhase;
			buildActionMask = 2147483647;
			files = (
			);
			inputPaths = (
			);
			name = "[CP] Embed Pods Frameworks";
			outputPaths = (
			);
			runOnlyForDeploymentPostprocessing = 0;
			shellPath = /bin/sh;
			shellScript = "\"${SRCROOT}/Pods/Target Support Files/Pods-PotNotesTests/Pods-PotNotesTests-frameworks.sh\"\n";
			showEnvVarsInLog = 0;
		};
		7C2EB31926450A562D02C9C9 /* [CP] Copy Pods Resources */ = {
			isa = PBXShellScriptBuildPhase;
			buildActionMask = 2147483647;
			files = (
			);
			inputPaths = (
			);
			name = "[CP] Copy Pods Resources";
			outputPaths = (
			);
			runOnlyForDeploymentPostprocessing = 0;
			shellPath = /bin/sh;
			shellScript = "\"${SRCROOT}/Pods/Target Support Files/Pods-PotNotesTests/Pods-PotNotesTests-resources.sh\"\n";
			showEnvVarsInLog = 0;
		};
		826C58C721F0FE156BB234C4 /* [CP] Embed Pods Frameworks */ = {
			isa = PBXShellScriptBuildPhase;
			buildActionMask = 2147483647;
			files = (
			);
			inputPaths = (
				"${SRCROOT}/Pods/Target Support Files/Pods-PotNotes/Pods-PotNotes-frameworks.sh",
				"${BUILT_PRODUCTS_DIR}/Realm/Realm.framework",
				"${BUILT_PRODUCTS_DIR}/RealmSwift/RealmSwift.framework",
				"${BUILT_PRODUCTS_DIR}/RxCocoa/RxCocoa.framework",
				"${BUILT_PRODUCTS_DIR}/RxRealm/RxRealm.framework",
				"${BUILT_PRODUCTS_DIR}/RxSwift/RxSwift.framework",
				"${BUILT_PRODUCTS_DIR}/SnapKit/SnapKit.framework",
			);
			name = "[CP] Embed Pods Frameworks";
			outputPaths = (
				"${TARGET_BUILD_DIR}/${FRAMEWORKS_FOLDER_PATH}/Realm.framework",
				"${TARGET_BUILD_DIR}/${FRAMEWORKS_FOLDER_PATH}/RealmSwift.framework",
				"${TARGET_BUILD_DIR}/${FRAMEWORKS_FOLDER_PATH}/RxCocoa.framework",
				"${TARGET_BUILD_DIR}/${FRAMEWORKS_FOLDER_PATH}/RxRealm.framework",
				"${TARGET_BUILD_DIR}/${FRAMEWORKS_FOLDER_PATH}/RxSwift.framework",
				"${TARGET_BUILD_DIR}/${FRAMEWORKS_FOLDER_PATH}/SnapKit.framework",
			);
			runOnlyForDeploymentPostprocessing = 0;
			shellPath = /bin/sh;
			shellScript = "\"${SRCROOT}/Pods/Target Support Files/Pods-PotNotes/Pods-PotNotes-frameworks.sh\"\n";
			showEnvVarsInLog = 0;
		};
		C64D2969EA20D59F17533981 /* [CP] Check Pods Manifest.lock */ = {
			isa = PBXShellScriptBuildPhase;
			buildActionMask = 2147483647;
			files = (
			);
			inputPaths = (
				"${PODS_PODFILE_DIR_PATH}/Podfile.lock",
				"${PODS_ROOT}/Manifest.lock",
			);
			name = "[CP] Check Pods Manifest.lock";
			outputPaths = (
				"$(DERIVED_FILE_DIR)/Pods-PotNotes-checkManifestLockResult.txt",
			);
			runOnlyForDeploymentPostprocessing = 0;
			shellPath = /bin/sh;
			shellScript = "diff \"${PODS_PODFILE_DIR_PATH}/Podfile.lock\" \"${PODS_ROOT}/Manifest.lock\" > /dev/null\nif [ $? != 0 ] ; then\n    # print error to STDERR\n    echo \"error: The sandbox is not in sync with the Podfile.lock. Run 'pod install' or update your CocoaPods installation.\" >&2\n    exit 1\nfi\n# This output is used by Xcode 'outputs' to avoid re-running this script phase.\necho \"SUCCESS\" > \"${SCRIPT_OUTPUT_FILE_0}\"\n";
			showEnvVarsInLog = 0;
		};
		F880DAB6372F094290F35956 /* [CP] Copy Pods Resources */ = {
			isa = PBXShellScriptBuildPhase;
			buildActionMask = 2147483647;
			files = (
			);
			inputPaths = (
			);
			name = "[CP] Copy Pods Resources";
			outputPaths = (
			);
			runOnlyForDeploymentPostprocessing = 0;
			shellPath = /bin/sh;
			shellScript = "\"${SRCROOT}/Pods/Target Support Files/Pods-PotNotes/Pods-PotNotes-resources.sh\"\n";
			showEnvVarsInLog = 0;
		};
		FAB8A806A98CF70F4A72D3F6 /* [CP] Check Pods Manifest.lock */ = {
			isa = PBXShellScriptBuildPhase;
			buildActionMask = 2147483647;
			files = (
			);
			inputPaths = (
				"${PODS_PODFILE_DIR_PATH}/Podfile.lock",
				"${PODS_ROOT}/Manifest.lock",
			);
			name = "[CP] Check Pods Manifest.lock";
			outputPaths = (
				"$(DERIVED_FILE_DIR)/Pods-PotNotesTests-checkManifestLockResult.txt",
			);
			runOnlyForDeploymentPostprocessing = 0;
			shellPath = /bin/sh;
			shellScript = "diff \"${PODS_PODFILE_DIR_PATH}/Podfile.lock\" \"${PODS_ROOT}/Manifest.lock\" > /dev/null\nif [ $? != 0 ] ; then\n    # print error to STDERR\n    echo \"error: The sandbox is not in sync with the Podfile.lock. Run 'pod install' or update your CocoaPods installation.\" >&2\n    exit 1\nfi\n# This output is used by Xcode 'outputs' to avoid re-running this script phase.\necho \"SUCCESS\" > \"${SCRIPT_OUTPUT_FILE_0}\"\n";
			showEnvVarsInLog = 0;
		};
/* End PBXShellScriptBuildPhase section */

/* Begin PBXSourcesBuildPhase section */
		66E5EEAE2014D8CA0039AFAE /* Sources */ = {
			isa = PBXSourcesBuildPhase;
			buildActionMask = 2147483647;
			files = (
				66E5EEDC2014E17F0039AFAE /* PotteryItem.swift in Sources */,
				66E5EEE2201508000039AFAE /* PotteryItemRealm.swift in Sources */,
				66E5EEB62014D8CA0039AFAE /* AppDelegate.swift in Sources */,
				66E5EEDA2014DA4A0039AFAE /* ItemListViewController.swift in Sources */,
				66E5EEDE2014E2D90039AFAE /* EditItemViewController.swift in Sources */,
			);
			runOnlyForDeploymentPostprocessing = 0;
		};
		66E5EEC62014D8CA0039AFAE /* Sources */ = {
			isa = PBXSourcesBuildPhase;
			buildActionMask = 2147483647;
			files = (
				66E5EECF2014D8CA0039AFAE /* PotNotesTests.swift in Sources */,
			);
			runOnlyForDeploymentPostprocessing = 0;
		};
/* End PBXSourcesBuildPhase section */

/* Begin PBXTargetDependency section */
		66E5EECC2014D8CA0039AFAE /* PBXTargetDependency */ = {
			isa = PBXTargetDependency;
			target = 66E5EEB12014D8CA0039AFAE /* PotNotes */;
			targetProxy = 66E5EECB2014D8CA0039AFAE /* PBXContainerItemProxy */;
		};
/* End PBXTargetDependency section */

/* Begin PBXVariantGroup section */
		66E5EEBD2014D8CA0039AFAE /* Main.storyboard */ = {
			isa = PBXVariantGroup;
			children = (
				66E5EEBE2014D8CA0039AFAE /* Base */,
			);
			name = Main.storyboard;
			sourceTree = "<group>";
		};
		66E5EEC22014D8CA0039AFAE /* LaunchScreen.storyboard */ = {
			isa = PBXVariantGroup;
			children = (
				66E5EEC32014D8CA0039AFAE /* Base */,
			);
			name = LaunchScreen.storyboard;
			sourceTree = "<group>";
		};
/* End PBXVariantGroup section */

/* Begin XCBuildConfiguration section */
		66E5EED12014D8CA0039AFAE /* Debug */ = {
			isa = XCBuildConfiguration;
			buildSettings = {
				ALWAYS_SEARCH_USER_PATHS = NO;
				CLANG_ANALYZER_NONNULL = YES;
				CLANG_ANALYZER_NUMBER_OBJECT_CONVERSION = YES_AGGRESSIVE;
				CLANG_CXX_LANGUAGE_STANDARD = "gnu++14";
				CLANG_CXX_LIBRARY = "libc++";
				CLANG_ENABLE_MODULES = YES;
				CLANG_ENABLE_OBJC_ARC = YES;
				CLANG_WARN_BLOCK_CAPTURE_AUTORELEASING = YES;
				CLANG_WARN_BOOL_CONVERSION = YES;
				CLANG_WARN_COMMA = YES;
				CLANG_WARN_CONSTANT_CONVERSION = YES;
				CLANG_WARN_DIRECT_OBJC_ISA_USAGE = YES_ERROR;
				CLANG_WARN_DOCUMENTATION_COMMENTS = YES;
				CLANG_WARN_EMPTY_BODY = YES;
				CLANG_WARN_ENUM_CONVERSION = YES;
				CLANG_WARN_INFINITE_RECURSION = YES;
				CLANG_WARN_INT_CONVERSION = YES;
				CLANG_WARN_NON_LITERAL_NULL_CONVERSION = YES;
				CLANG_WARN_OBJC_LITERAL_CONVERSION = YES;
				CLANG_WARN_OBJC_ROOT_CLASS = YES_ERROR;
				CLANG_WARN_RANGE_LOOP_ANALYSIS = YES;
				CLANG_WARN_STRICT_PROTOTYPES = YES;
				CLANG_WARN_SUSPICIOUS_MOVE = YES;
				CLANG_WARN_UNGUARDED_AVAILABILITY = YES_AGGRESSIVE;
				CLANG_WARN_UNREACHABLE_CODE = YES;
				CLANG_WARN__DUPLICATE_METHOD_MATCH = YES;
				CODE_SIGN_IDENTITY = "iPhone Developer";
				COPY_PHASE_STRIP = NO;
				DEBUG_INFORMATION_FORMAT = dwarf;
				ENABLE_STRICT_OBJC_MSGSEND = YES;
				ENABLE_TESTABILITY = YES;
				GCC_C_LANGUAGE_STANDARD = gnu11;
				GCC_DYNAMIC_NO_PIC = NO;
				GCC_NO_COMMON_BLOCKS = YES;
				GCC_OPTIMIZATION_LEVEL = 0;
				GCC_PREPROCESSOR_DEFINITIONS = (
					"DEBUG=1",
					"$(inherited)",
				);
				GCC_WARN_64_TO_32_BIT_CONVERSION = YES;
				GCC_WARN_ABOUT_RETURN_TYPE = YES_ERROR;
				GCC_WARN_UNDECLARED_SELECTOR = YES;
				GCC_WARN_UNINITIALIZED_AUTOS = YES_AGGRESSIVE;
				GCC_WARN_UNUSED_FUNCTION = YES;
				GCC_WARN_UNUSED_VARIABLE = YES;
				IPHONEOS_DEPLOYMENT_TARGET = 11.1;
				MTL_ENABLE_DEBUG_INFO = YES;
				ONLY_ACTIVE_ARCH = YES;
				SDKROOT = iphoneos;
				SWIFT_ACTIVE_COMPILATION_CONDITIONS = DEBUG;
				SWIFT_OPTIMIZATION_LEVEL = "-Onone";
			};
			name = Debug;
		};
		66E5EED22014D8CA0039AFAE /* Release */ = {
			isa = XCBuildConfiguration;
			buildSettings = {
				ALWAYS_SEARCH_USER_PATHS = NO;
				CLANG_ANALYZER_NONNULL = YES;
				CLANG_ANALYZER_NUMBER_OBJECT_CONVERSION = YES_AGGRESSIVE;
				CLANG_CXX_LANGUAGE_STANDARD = "gnu++14";
				CLANG_CXX_LIBRARY = "libc++";
				CLANG_ENABLE_MODULES = YES;
				CLANG_ENABLE_OBJC_ARC = YES;
				CLANG_WARN_BLOCK_CAPTURE_AUTORELEASING = YES;
				CLANG_WARN_BOOL_CONVERSION = YES;
				CLANG_WARN_COMMA = YES;
				CLANG_WARN_CONSTANT_CONVERSION = YES;
				CLANG_WARN_DIRECT_OBJC_ISA_USAGE = YES_ERROR;
				CLANG_WARN_DOCUMENTATION_COMMENTS = YES;
				CLANG_WARN_EMPTY_BODY = YES;
				CLANG_WARN_ENUM_CONVERSION = YES;
				CLANG_WARN_INFINITE_RECURSION = YES;
				CLANG_WARN_INT_CONVERSION = YES;
				CLANG_WARN_NON_LITERAL_NULL_CONVERSION = YES;
				CLANG_WARN_OBJC_LITERAL_CONVERSION = YES;
				CLANG_WARN_OBJC_ROOT_CLASS = YES_ERROR;
				CLANG_WARN_RANGE_LOOP_ANALYSIS = YES;
				CLANG_WARN_STRICT_PROTOTYPES = YES;
				CLANG_WARN_SUSPICIOUS_MOVE = YES;
				CLANG_WARN_UNGUARDED_AVAILABILITY = YES_AGGRESSIVE;
				CLANG_WARN_UNREACHABLE_CODE = YES;
				CLANG_WARN__DUPLICATE_METHOD_MATCH = YES;
				CODE_SIGN_IDENTITY = "iPhone Developer";
				COPY_PHASE_STRIP = NO;
				DEBUG_INFORMATION_FORMAT = "dwarf-with-dsym";
				ENABLE_NS_ASSERTIONS = NO;
				ENABLE_STRICT_OBJC_MSGSEND = YES;
				GCC_C_LANGUAGE_STANDARD = gnu11;
				GCC_NO_COMMON_BLOCKS = YES;
				GCC_WARN_64_TO_32_BIT_CONVERSION = YES;
				GCC_WARN_ABOUT_RETURN_TYPE = YES_ERROR;
				GCC_WARN_UNDECLARED_SELECTOR = YES;
				GCC_WARN_UNINITIALIZED_AUTOS = YES_AGGRESSIVE;
				GCC_WARN_UNUSED_FUNCTION = YES;
				GCC_WARN_UNUSED_VARIABLE = YES;
				IPHONEOS_DEPLOYMENT_TARGET = 11.1;
				MTL_ENABLE_DEBUG_INFO = NO;
				SDKROOT = iphoneos;
				SWIFT_OPTIMIZATION_LEVEL = "-Owholemodule";
				VALIDATE_PRODUCT = YES;
			};
			name = Release;
		};
		66E5EED42014D8CA0039AFAE /* Debug */ = {
			isa = XCBuildConfiguration;
			baseConfigurationReference = 97DDA796B84DF1DB38F62DC8 /* Pods-PotNotes.debug.xcconfig */;
			buildSettings = {
				ASSETCATALOG_COMPILER_APPICON_NAME = AppIcon;
				CODE_SIGN_STYLE = Automatic;
				DEVELOPMENT_TEAM = G55S74JQUS;
				INFOPLIST_FILE = PotNotes/Info.plist;
				LD_RUNPATH_SEARCH_PATHS = "$(inherited) @executable_path/Frameworks";
				PRODUCT_BUNDLE_IDENTIFIER = JB.PotNotes;
				PRODUCT_NAME = "$(TARGET_NAME)";
				SWIFT_VERSION = 4.0;
				TARGETED_DEVICE_FAMILY = "1,2";
			};
			name = Debug;
		};
		66E5EED52014D8CA0039AFAE /* Release */ = {
			isa = XCBuildConfiguration;
			baseConfigurationReference = 27DBF0E55B543A0C59EC1C7A /* Pods-PotNotes.release.xcconfig */;
			buildSettings = {
				ASSETCATALOG_COMPILER_APPICON_NAME = AppIcon;
				CODE_SIGN_STYLE = Automatic;
				DEVELOPMENT_TEAM = G55S74JQUS;
				INFOPLIST_FILE = PotNotes/Info.plist;
				LD_RUNPATH_SEARCH_PATHS = "$(inherited) @executable_path/Frameworks";
				PRODUCT_BUNDLE_IDENTIFIER = JB.PotNotes;
				PRODUCT_NAME = "$(TARGET_NAME)";
				SWIFT_VERSION = 4.0;
				TARGETED_DEVICE_FAMILY = "1,2";
			};
			name = Release;
		};
		66E5EED72014D8CA0039AFAE /* Debug */ = {
			isa = XCBuildConfiguration;
			baseConfigurationReference = 37A7CA13C4BB0DA72608EF46 /* Pods-PotNotesTests.debug.xcconfig */;
			buildSettings = {
				ALWAYS_EMBED_SWIFT_STANDARD_LIBRARIES = YES;
				BUNDLE_LOADER = "$(TEST_HOST)";
				CODE_SIGN_STYLE = Automatic;
				DEVELOPMENT_TEAM = G55S74JQUS;
				INFOPLIST_FILE = PotNotesTests/Info.plist;
				LD_RUNPATH_SEARCH_PATHS = "$(inherited) @executable_path/Frameworks @loader_path/Frameworks";
				PRODUCT_BUNDLE_IDENTIFIER = JB.PotNotesTests;
				PRODUCT_NAME = "$(TARGET_NAME)";
				SWIFT_VERSION = 4.0;
				TARGETED_DEVICE_FAMILY = "1,2";
				TEST_HOST = "$(BUILT_PRODUCTS_DIR)/PotNotes.app/PotNotes";
			};
			name = Debug;
		};
		66E5EED82014D8CA0039AFAE /* Release */ = {
			isa = XCBuildConfiguration;
			baseConfigurationReference = EB9F7F322A90ABEDEA19F369 /* Pods-PotNotesTests.release.xcconfig */;
			buildSettings = {
				ALWAYS_EMBED_SWIFT_STANDARD_LIBRARIES = YES;
				BUNDLE_LOADER = "$(TEST_HOST)";
				CODE_SIGN_STYLE = Automatic;
				DEVELOPMENT_TEAM = G55S74JQUS;
				INFOPLIST_FILE = PotNotesTests/Info.plist;
				LD_RUNPATH_SEARCH_PATHS = "$(inherited) @executable_path/Frameworks @loader_path/Frameworks";
				PRODUCT_BUNDLE_IDENTIFIER = JB.PotNotesTests;
				PRODUCT_NAME = "$(TARGET_NAME)";
				SWIFT_VERSION = 4.0;
				TARGETED_DEVICE_FAMILY = "1,2";
				TEST_HOST = "$(BUILT_PRODUCTS_DIR)/PotNotes.app/PotNotes";
			};
			name = Release;
		};
/* End XCBuildConfiguration section */

/* Begin XCConfigurationList section */
		66E5EEAD2014D8CA0039AFAE /* Build configuration list for PBXProject "PotNotes" */ = {
			isa = XCConfigurationList;
			buildConfigurations = (
				66E5EED12014D8CA0039AFAE /* Debug */,
				66E5EED22014D8CA0039AFAE /* Release */,
			);
			defaultConfigurationIsVisible = 0;
			defaultConfigurationName = Release;
		};
		66E5EED32014D8CA0039AFAE /* Build configuration list for PBXNativeTarget "PotNotes" */ = {
			isa = XCConfigurationList;
			buildConfigurations = (
				66E5EED42014D8CA0039AFAE /* Debug */,
				66E5EED52014D8CA0039AFAE /* Release */,
			);
			defaultConfigurationIsVisible = 0;
			defaultConfigurationName = Release;
		};
		66E5EED62014D8CA0039AFAE /* Build configuration list for PBXNativeTarget "PotNotesTests" */ = {
			isa = XCConfigurationList;
			buildConfigurations = (
				66E5EED72014D8CA0039AFAE /* Debug */,
				66E5EED82014D8CA0039AFAE /* Release */,
			);
			defaultConfigurationIsVisible = 0;
			defaultConfigurationName = Release;
		};
/* End XCConfigurationList section */
	};
	rootObject = 66E5EEAA2014D8CA0039AFAE /* Project object */;
}
